
Microsoft Visual Studio Solution File, Format Version 12.00
# Visual Studio Version 17
VisualStudioVersion = 17.14.36429.23 d17.14
MinimumVisualStudioVersion = 10.0.40219.1
Project("{FAE04EC0-301F-11D3-BF4B-00C04F79EFBC}") = "BioHarvest.Api", "BioHarvest.Api.csproj", "{78FB6CCF-521F-455F-A3ED-C0365C9EDA6A}"
EndProject
Global
	GlobalSection(SolutionConfigurationPlatforms) = preSolution
		Debug|Any CPU = Debug|Any CPU
		Release|Any CPU = Release|Any CPU
	EndGlobalSection
	GlobalSection(ProjectConfigurationPlatforms) = postSolution
		{78FB6CCF-521F-455F-A3ED-C0365C9EDA6A}.Debug|Any CPU.ActiveCfg = Debug|Any CPU
		{78FB6CCF-521F-455F-A3ED-C0365C9EDA6A}.Debug|Any CPU.Build.0 = Debug|Any CPU
		{78FB6CCF-521F-455F-A3ED-C0365C9EDA6A}.Release|Any CPU.ActiveCfg = Release|Any CPU
		{78FB6CCF-521F-455F-A3ED-C0365C9EDA6A}.Release|Any CPU.Build.0 = Release|Any CPU
	EndGlobalSection
	GlobalSection(SolutionProperties) = preSolution
		HideSolutionNode = FALSE
	EndGlobalSection
	GlobalSection(ExtensibilityGlobals) = postSolution
		SolutionGuid = {5CC53AAD-3AB9-40DE-A974-322F23615CF2}
	EndGlobalSection
EndGlobal
